
Microsoft Visual Studio Solution File, Format Version 12.00
# Visual Studio Version 17
VisualStudioVersion = 17.3.32811.315
MinimumVisualStudioVersion = 10.0.40219.1
Project("{FAE04EC0-301F-11D3-BF4B-00C04F79EFBC}") = "PayrollCompany", "PayrollCompany\PayrollCompany.csproj", "{FF2567BA-ABE9-4015-9730-46BDA33B246E}"
EndProject
Global
	GlobalSection(SolutionConfigurationPlatforms) = preSolution
		Debug|Any CPU = Debug|Any CPU
		Release|Any CPU = Release|Any CPU
	EndGlobalSection
	GlobalSection(ProjectConfigurationPlatforms) = postSolution
		{FF2567BA-ABE9-4015-9730-46BDA33B246E}.Debug|Any CPU.ActiveCfg = Debug|Any CPU
		{FF2567BA-ABE9-4015-9730-46BDA33B246E}.Debug|Any CPU.Build.0 = Debug|Any CPU
		{FF2567BA-ABE9-4015-9730-46BDA33B246E}.Release|Any CPU.ActiveCfg = Release|Any CPU
		{FF2567BA-ABE9-4015-9730-46BDA33B246E}.Release|Any CPU.Build.0 = Release|Any CPU
	EndGlobalSection
	GlobalSection(SolutionProperties) = preSolution
		HideSolutionNode = FALSE
	EndGlobalSection
	GlobalSection(ExtensibilityGlobals) = postSolution
		SolutionGuid = {E5A8D551-1705-4045-8126-BB4D80A22D22}
	EndGlobalSection
EndGlobal
